PODS:
  - Alamofire (4.7.3)
  - AWSCore (2.6.26)
  - AWSS3 (2.6.26):
    - AWSCore (= 2.6.26)
  - GoogleSignIn (4.1.2):
    - "GoogleToolboxForMac/NSDictionary+URLArguments (~> 2.1)"
    - "GoogleToolboxForMac/NSString+URLArguments (~> 2.1)"
    - GTMOAuth2 (~> 1.0)
    - GTMSessionFetcher/Core (~> 1.1)
  - GoogleToolboxForMac/DebugUtils (2.1.4):
    - GoogleToolboxForMac/Defines (= 2.1.4)
  - GoogleToolboxForMac/Defines (2.1.4)
  - "GoogleToolboxForMac/NSDictionary+URLArguments (2.1.4)":
    - GoogleToolboxForMac/DebugUtils (= 2.1.4)
    - GoogleToolboxForMac/Defines (= 2.1.4)
    - "GoogleToolboxForMac/NSString+URLArguments (= 2.1.4)"
  - "GoogleToolboxForMac/NSString+URLArguments (2.1.4)"
  - GTMOAuth2 (1.1.6):
    - GTMSessionFetcher (~> 1.1)
  - GTMSessionFetcher (1.2.0):
    - GTMSessionFetcher/Full (= 1.2.0)
  - GTMSessionFetcher/Core (1.2.0)
  - GTMSessionFetcher/Full (1.2.0):
    - GTMSessionFetcher/Core (= 1.2.0)
  - HockeySDK/CrashOnlyLib (5.1.2)
  - Nimble (7.1.3)
  - PKHUD (5.1.0)
  - PromiseKit/Alamofire (6.3.4):
    - Alamofire (~> 4.0)
    - PromiseKit/CorePromise
  - PromiseKit/CoreLocation (6.3.4):
    - PromiseKit/CorePromise
  - PromiseKit/CorePromise (6.3.4)
  - Quick (1.3.0)

DEPENDENCIES:
  - Alamofire
  - AWSS3 (~> 2.6.26)
  - GoogleSignIn
  - HockeySDK/CrashOnlyLib
  - Nimble (~> 7.1.3)
  - PKHUD (from `https://github.com/pkluz/PKHUD.git`, commit `f80fac74f0`)
  - PromiseKit/Alamofire (~> 6.0)
  - PromiseKit/CoreLocation (~> 6.0)
  - PromiseKit/CorePromise (~> 6.0)
  - Quick

SPEC REPOS:
  https://github.com/cocoapods/specs.git:
    - Alamofire
    - AWSCore
    - AWSS3
    - GoogleSignIn
    - GoogleToolboxForMac
    - GTMOAuth2
    - GTMSessionFetcher
    - HockeySDK
    - Nimble
    - PromiseKit
    - Quick

EXTERNAL SOURCES:
  PKHUD:
    :commit: f80fac74f0
    :git: https://github.com/pkluz/PKHUD.git

CHECKOUT OPTIONS:
  PKHUD:
    :commit: f80fac74f0
    :git: https://github.com/pkluz/PKHUD.git

SPEC CHECKSUMS:
  Alamofire: c7287b6e5d7da964a70935e5db17046b7fde6568
  AWSCore: 0177bb7e5616d967277b398e7a05ed7a228e6158
  AWSS3: 4d857a223704bd956e91a659aec17ba1896ee0a9
  GoogleSignIn: d9ef55b10f0aa401a5de2747f59b725e4b9732ac
  GoogleToolboxForMac: 91c824d21e85b31c2aae9bb011c5027c9b4e738f
  GTMOAuth2: c77fe325e4acd453837e72d91e3b5f13116857b2
  GTMSessionFetcher: 0c4baf0a73acd0041bf9f71ea018deedab5ea84e
  HockeySDK: 38b7e2726af1ea86ae97ce4b5de33ab0817e3500
  Nimble: 2839b01d1b31f6a6a7777a221f0d91cf52e8e27b
  PKHUD: 62ea46a1e88c4def1da784878d199bb54c841e3c
  PromiseKit: e1425568123ec844a944c93f2bcb29d511d39cf5
  Quick: 03278013f71aa05fe9ecabc94fbcc6835f1ee76f

PODFILE CHECKSUM: 37eb17b34c1d1e658a9e8b36a1d956984c9a5b56

COCOAPODS: 1.5.3
