// !$*UTF8*$!
{
	archiveVersion = 1;
	classes = {
	};
	objectVersion = 50;
	objects = {

/* Begin PBXBuildFile section */
		EFA900DA20E3AFF30033B63B /* AppDelegate.swift in Sources */ = {isa = PBXBuildFile; fileRef = EFA900D920E3AFF30033B63B /* AppDelegate.swift */; };
		EFA900DC20E3AFF30033B63B /* art.scnassets in Resources */ = {isa = PBXBuildFile; fileRef = EFA900DB20E3AFF30033B63B /* art.scnassets */; };
		EFA900DE20E3AFF30033B63B /* ViewController.swift in Sources */ = {isa = PBXBuildFile; fileRef = EFA900DD20E3AFF30033B63B /* ViewController.swift */; };
		EFA900E120E3AFF30033B63B /* Main.storyboard in Resources */ = {isa = PBXBuildFile; fileRef = EFA900DF20E3AFF30033B63B /* Main.storyboard */; };
		EFA900E320E3AFF90033B63B /* Assets.xcassets in Resources */ = {isa = PBXBuildFile; fileRef = EFA900E220E3AFF90033B63B /* Assets.xcassets */; };
		EFA900E620E3AFF90033B63B /* LaunchScreen.storyboard in Resources */ = {isa = PBXBuildFile; fileRef = EFA900E420E3AFF90033B63B /* LaunchScreen.storyboard */; };
		EFA900F120E3AFFA0033B63B /* PhotoWallTests.swift in Sources */ = {isa = PBXBuildFile; fileRef = EFA900F020E3AFFA0033B63B /* PhotoWallTests.swift */; };
		EFA900FC20E3AFFA0033B63B /* PhotoWallUITests.swift in Sources */ = {isa = PBXBuildFile; fileRef = EFA900FB20E3AFFA0033B63B /* PhotoWallUITests.swift */; };
/* End PBXBuildFile section */

/* Begin PBXContainerItemProxy section */
		EFA900ED20E3AFF90033B63B /* PBXContainerItemProxy */ = {
			isa = PBXContainerItemProxy;
			containerPortal = EFA900CE20E3AFF20033B63B /* Project object */;
			proxyType = 1;
			remoteGlobalIDString = EFA900D520E3AFF30033B63B;
			remoteInfo = PhotoWall;
		};
		EFA900F820E3AFFA0033B63B /* PBXContainerItemProxy */ = {
			isa = PBXContainerItemProxy;
			containerPortal = EFA900CE20E3AFF20033B63B /* Project object */;
			proxyType = 1;
			remoteGlobalIDString = EFA900D520E3AFF30033B63B;
			remoteInfo = PhotoWall;
		};
/* End PBXContainerItemProxy section */

/* Begin PBXFileReference section */
		EFA900D620E3AFF30033B63B /* PhotoWall.app */ = {isa = PBXFileReference; explicitFileType = wrapper.application; includeInIndex = 0; path = PhotoWall.app; sourceTree = BUILT_PRODUCTS_DIR; };
		EFA900D920E3AFF30033B63B /* AppDelegate.swift */ = {isa = PBXFileReference; lastKnownFileType = sourcecode.swift; path = AppDelegate.swift; sourceTree = "<group>"; };
		EFA900DB20E3AFF30033B63B /* art.scnassets */ = {isa = PBXFileReference; lastKnownFileType = wrapper.scnassets; path = art.scnassets; sourceTree = "<group>"; };
		EFA900DD20E3AFF30033B63B /* ViewController.swift */ = {isa = PBXFileReference; lastKnownFileType = sourcecode.swift; path = ViewController.swift; sourceTree = "<group>"; };
		EFA900E020E3AFF30033B63B /* Base */ = {isa = PBXFileReference; lastKnownFileType = file.storyboard; name = Base; path = Base.lproj/Main.storyboard; sourceTree = "<group>"; };
		EFA900E220E3AFF90033B63B /* Assets.xcassets */ = {isa = PBXFileReference; lastKnownFileType = folder.assetcatalog; path = Assets.xcassets; sourceTree = "<group>"; };
		EFA900E520E3AFF90033B63B /* Base */ = {isa = PBXFileReference; lastKnownFileType = file.storyboard; name = Base; path = Base.lproj/LaunchScreen.storyboard; sourceTree = "<group>"; };
		EFA900E720E3AFF90033B63B /* Info.plist */ = {isa = PBXFileReference; lastKnownFileType = text.plist.xml; path = Info.plist; sourceTree = "<group>"; };
		EFA900EC20E3AFF90033B63B /* PhotoWallTests.xctest */ = {isa = PBXFileReference; explicitFileType = wrapper.cfbundle; includeInIndex = 0; path = PhotoWallTests.xctest; sourceTree = BUILT_PRODUCTS_DIR; };
		EFA900F020E3AFFA0033B63B /* PhotoWallTests.swift */ = {isa = PBXFileReference; lastKnownFileType = sourcecode.swift; path = PhotoWallTests.swift; sourceTree = "<group>"; };
		EFA900F220E3AFFA0033B63B /* Info.plist */ = {isa = PBXFileReference; lastKnownFileType = text.plist.xml; path = Info.plist; sourceTree = "<group>"; };
		EFA900F720E3AFFA0033B63B /* PhotoWallUITests.xctest */ = {isa = PBXFileReference; explicitFileType = wrapper.cfbundle; includeInIndex = 0; path = PhotoWallUITests.xctest; sourceTree = BUILT_PRODUCTS_DIR; };
		EFA900FB20E3AFFA0033B63B /* PhotoWallUITests.swift */ = {isa = PBXFileReference; lastKnownFileType = sourcecode.swift; path = PhotoWallUITests.swift; sourceTree = "<group>"; };
		EFA900FD20E3AFFA0033B63B /* Info.plist */ = {isa = PBXFileReference; lastKnownFileType = text.plist.xml; path = Info.plist; sourceTree = "<group>"; };
/* End PBXFileReference section */

/* Begin PBXFrameworksBuildPhase section */
		EFA900D320E3AFF30033B63B /* Frameworks */ = {
			isa = PBXFrameworksBuildPhase;
			buildActionMask = 2147483647;
			files = (
			);
			runOnlyForDeploymentPostprocessing = 0;
		};
		EFA900E920E3AFF90033B63B /* Frameworks */ = {
			isa = PBXFrameworksBuildPhase;
			buildActionMask = 2147483647;
			files = (
			);
			runOnlyForDeploymentPostprocessing = 0;
		};
		EFA900F420E3AFFA0033B63B /* Frameworks */ = {
			isa = PBXFrameworksBuildPhase;
			buildActionMask = 2147483647;
			files = (
			);
			runOnlyForDeploymentPostprocessing = 0;
		};
/* End PBXFrameworksBuildPhase section */

/* Begin PBXGroup section */
		EFA900CD20E3AFF20033B63B = {
			isa = PBXGroup;
			children = (
				EFA900D820E3AFF30033B63B /* PhotoWall */,
				EFA900EF20E3AFF90033B63B /* PhotoWallTests */,
				EFA900FA20E3AFFA0033B63B /* PhotoWallUITests */,
				EFA900D720E3AFF30033B63B /* Products */,
			);
			sourceTree = "<group>";
		};
		EFA900D720E3AFF30033B63B /* Products */ = {
			isa = PBXGroup;
			children = (
				EFA900D620E3AFF30033B63B /* PhotoWall.app */,
				EFA900EC20E3AFF90033B63B /* PhotoWallTests.xctest */,
				EFA900F720E3AFFA0033B63B /* PhotoWallUITests.xctest */,
			);
			name = Products;
			sourceTree = "<group>";
		};
		EFA900D820E3AFF30033B63B /* PhotoWall */ = {
			isa = PBXGroup;
			children = (
				EFA900D920E3AFF30033B63B /* AppDelegate.swift */,
				EFA900DB20E3AFF30033B63B /* art.scnassets */,
				EFA900DD20E3AFF30033B63B /* ViewController.swift */,
				EFA900DF20E3AFF30033B63B /* Main.storyboard */,
				EFA900E220E3AFF90033B63B /* Assets.xcassets */,
				EFA900E420E3AFF90033B63B /* LaunchScreen.storyboard */,
				EFA900E720E3AFF90033B63B /* Info.plist */,
			);
			path = PhotoWall;
			sourceTree = "<group>";
		};
		EFA900EF20E3AFF90033B63B /* PhotoWallTests */ = {
			isa = PBXGroup;
			children = (
				EFA900F020E3AFFA0033B63B /* PhotoWallTests.swift */,
				EFA900F220E3AFFA0033B63B /* Info.plist */,
			);
			path = PhotoWallTests;
			sourceTree = "<group>";
		};
		EFA900FA20E3AFFA0033B63B /* PhotoWallUITests */ = {
			isa = PBXGroup;
			children = (
				EFA900FB20E3AFFA0033B63B /* PhotoWallUITests.swift */,
				EFA900FD20E3AFFA0033B63B /* Info.plist */,
			);
			path = PhotoWallUITests;
			sourceTree = "<group>";
		};
/* End PBXGroup section */

/* Begin PBXNativeTarget section */
		EFA900D520E3AFF30033B63B /* PhotoWall */ = {
			isa = PBXNativeTarget;
			buildConfigurationList = EFA9010020E3AFFA0033B63B /* Build configuration list for PBXNativeTarget "PhotoWall" */;
			buildPhases = (
				EFA900D220E3AFF30033B63B /* Sources */,
				EFA900D320E3AFF30033B63B /* Frameworks */,
				EFA900D420E3AFF30033B63B /* Resources */,
			);
			buildRules = (
			);
			dependencies = (
			);
			name = PhotoWall;
			productName = PhotoWall;
			productReference = EFA900D620E3AFF30033B63B /* PhotoWall.app */;
			productType = "com.apple.product-type.application";
		};
		EFA900EB20E3AFF90033B63B /* PhotoWallTests */ = {
			isa = PBXNativeTarget;
			buildConfigurationList = EFA9010320E3AFFA0033B63B /* Build configuration list for PBXNativeTarget "PhotoWallTests" */;
			buildPhases = (
				EFA900E820E3AFF90033B63B /* Sources */,
				EFA900E920E3AFF90033B63B /* Frameworks */,
				EFA900EA20E3AFF90033B63B /* Resources */,
			);
			buildRules = (
			);
			dependencies = (
				EFA900EE20E3AFF90033B63B /* PBXTargetDependency */,
			);
			name = PhotoWallTests;
			productName = PhotoWallTests;
			productReference = EFA900EC20E3AFF90033B63B /* PhotoWallTests.xctest */;
			productType = "com.apple.product-type.bundle.unit-test";
		};
		EFA900F620E3AFFA0033B63B /* PhotoWallUITests */ = {
			isa = PBXNativeTarget;
			buildConfigurationList = EFA9010620E3AFFA0033B63B /* Build configuration list for PBXNativeTarget "PhotoWallUITests" */;
			buildPhases = (
				EFA900F320E3AFFA0033B63B /* Sources */,
				EFA900F420E3AFFA0033B63B /* Frameworks */,
				EFA900F520E3AFFA0033B63B /* Resources */,
			);
			buildRules = (
			);
			dependencies = (
				EFA900F920E3AFFA0033B63B /* PBXTargetDependency */,
			);
			name = PhotoWallUITests;
			productName = PhotoWallUITests;
			productReference = EFA900F720E3AFFA0033B63B /* PhotoWallUITests.xctest */;
			productType = "com.apple.product-type.bundle.ui-testing";
		};
/* End PBXNativeTarget section */

/* Begin PBXProject section */
		EFA900CE20E3AFF20033B63B /* Project object */ = {
			isa = PBXProject;
			attributes = {
				LastSwiftUpdateCheck = 1000;
				LastUpgradeCheck = 1000;
				ORGANIZATIONNAME = "Colin Harris";
				TargetAttributes = {
					EFA900D520E3AFF30033B63B = {
						CreatedOnToolsVersion = 10.0;
					};
					EFA900EB20E3AFF90033B63B = {
						CreatedOnToolsVersion = 10.0;
						TestTargetID = EFA900D520E3AFF30033B63B;
					};
					EFA900F620E3AFFA0033B63B = {
						CreatedOnToolsVersion = 10.0;
						TestTargetID = EFA900D520E3AFF30033B63B;
					};
				};
			};
			buildConfigurationList = EFA900D120E3AFF20033B63B /* Build configuration list for PBXProject "PhotoWall" */;
			compatibilityVersion = "Xcode 9.3";
			developmentRegion = en;
			hasScannedForEncodings = 0;
			knownRegions = (
				en,
				Base,
			);
			mainGroup = EFA900CD20E3AFF20033B63B;
			productRefGroup = EFA900D720E3AFF30033B63B /* Products */;
			projectDirPath = "";
			projectRoot = "";
			targets = (
				EFA900D520E3AFF30033B63B /* PhotoWall */,
				EFA900EB20E3AFF90033B63B /* PhotoWallTests */,
				EFA900F620E3AFFA0033B63B /* PhotoWallUITests */,
			);
		};
/* End PBXProject section */

/* Begin PBXResourcesBuildPhase section */
		EFA900D420E3AFF30033B63B /* Resources */ = {
			isa = PBXResourcesBuildPhase;
			buildActionMask = 2147483647;
			files = (
				EFA900DC20E3AFF30033B63B /* art.scnassets in Resources */,
				EFA900E620E3AFF90033B63B /* LaunchScreen.storyboard in Resources */,
				EFA900E320E3AFF90033B63B /* Assets.xcassets in Resources */,
				EFA900E120E3AFF30033B63B /* Main.storyboard in Resources */,
			);
			runOnlyForDeploymentPostprocessing = 0;
		};
		EFA900EA20E3AFF90033B63B /* Resources */ = {
			isa = PBXResourcesBuildPhase;
			buildActionMask = 2147483647;
			files = (
			);
			runOnlyForDeploymentPostprocessing = 0;
		};
		EFA900F520E3AFFA0033B63B /* Resources */ = {
			isa = PBXResourcesBuildPhase;
			buildActionMask = 2147483647;
			files = (
			);
			runOnlyForDeploymentPostprocessing = 0;
		};
/* End PBXResourcesBuildPhase section */

/* Begin PBXSourcesBuildPhase section */
		EFA900D220E3AFF30033B63B /* Sources */ = {
			isa = PBXSourcesBuildPhase;
			buildActionMask = 2147483647;
			files = (
				EFA900DE20E3AFF30033B63B /* ViewController.swift in Sources */,
				EFA900DA20E3AFF30033B63B /* AppDelegate.swift in Sources */,
			);
			runOnlyForDeploymentPostprocessing = 0;
		};
		EFA900E820E3AFF90033B63B /* Sources */ = {
			isa = PBXSourcesBuildPhase;
			buildActionMask = 2147483647;
			files = (
				EFA900F120E3AFFA0033B63B /* PhotoWallTests.swift in Sources */,
			);
			runOnlyForDeploymentPostprocessing = 0;
		};
		EFA900F320E3AFFA0033B63B /* Sources */ = {
			isa = PBXSourcesBuildPhase;
			buildActionMask = 2147483647;
			files = (
				EFA900FC20E3AFFA0033B63B /* PhotoWallUITests.swift in Sources */,
			);
			runOnlyForDeploymentPostprocessing = 0;
		};
/* End PBXSourcesBuildPhase section */

/* Begin PBXTargetDependency section */
		EFA900EE20E3AFF90033B63B /* PBXTargetDependency */ = {
			isa = PBXTargetDependency;
			target = EFA900D520E3AFF30033B63B /* PhotoWall */;
			targetProxy = EFA900ED20E3AFF90033B63B /* PBXContainerItemProxy */;
		};
		EFA900F920E3AFFA0033B63B /* PBXTargetDependency */ = {
			isa = PBXTargetDependency;
			target = EFA900D520E3AFF30033B63B /* PhotoWall */;
			targetProxy = EFA900F820E3AFFA0033B63B /* PBXContainerItemProxy */;
		};
/* End PBXTargetDependency section */

/* Begin PBXVariantGroup section */
		EFA900DF20E3AFF30033B63B /* Main.storyboard */ = {
			isa = PBXVariantGroup;
			children = (
				EFA900E020E3AFF30033B63B /* Base */,
			);
			name = Main.storyboard;
			sourceTree = "<group>";
		};
		EFA900E420E3AFF90033B63B /* LaunchScreen.storyboard */ = {
			isa = PBXVariantGroup;
			children = (
				EFA900E520E3AFF90033B63B /* Base */,
			);
			name = LaunchScreen.storyboard;
			sourceTree = "<group>";
		};
/* End PBXVariantGroup section */

/* Begin XCBuildConfiguration section */
		EFA900FE20E3AFFA0033B63B /* Debug */ = {
			isa = XCBuildConfiguration;
			buildSettings = {
				ALWAYS_SEARCH_USER_PATHS = NO;
				CLANG_ANALYZER_NONNULL = YES;
				CLANG_ANALYZER_NUMBER_OBJECT_CONVERSION = YES_AGGRESSIVE;
				CLANG_CXX_LANGUAGE_STANDARD = "gnu++14";
				CLANG_CXX_LIBRARY = "libc++";
				CLANG_ENABLE_MODULES = YES;
				CLANG_ENABLE_OBJC_ARC = YES;
				CLANG_ENABLE_OBJC_WEAK = YES;
				CLANG_WARN_BLOCK_CAPTURE_AUTORELEASING = YES;
				CLANG_WARN_BOOL_CONVERSION = YES;
				CLANG_WARN_COMMA = YES;
				CLANG_WARN_CONSTANT_CONVERSION = YES;
				CLANG_WARN_DEPRECATED_OBJC_IMPLEMENTATIONS = YES;
				CLANG_WARN_DIRECT_OBJC_ISA_USAGE = YES_ERROR;
				CLANG_WARN_DOCUMENTATION_COMMENTS = YES;
				CLANG_WARN_EMPTY_BODY = YES;
				CLANG_WARN_ENUM_CONVERSION = YES;
				CLANG_WARN_INFINITE_RECURSION = YES;
				CLANG_WARN_INT_CONVERSION = YES;
				CLANG_WARN_NON_LITERAL_NULL_CONVERSION = YES;
				CLANG_WARN_OBJC_IMPLICIT_RETAIN_SELF = YES;
				CLANG_WARN_OBJC_LITERAL_CONVERSION = YES;
				CLANG_WARN_OBJC_ROOT_CLASS = YES_ERROR;
				CLANG_WARN_RANGE_LOOP_ANALYSIS = YES;
				CLANG_WARN_STRICT_PROTOTYPES = YES;
				CLANG_WARN_SUSPICIOUS_MOVE = YES;
				CLANG_WARN_UNGUARDED_AVAILABILITY = YES_AGGRESSIVE;
				CLANG_WARN_UNREACHABLE_CODE = YES;
				CLANG_WARN__DUPLICATE_METHOD_MATCH = YES;
				CODE_SIGN_IDENTITY = "iPhone Developer";
				COPY_PHASE_STRIP = NO;
				DEBUG_INFORMATION_FORMAT = dwarf;
				ENABLE_STRICT_OBJC_MSGSEND = YES;
				ENABLE_TESTABILITY = YES;
				GCC_C_LANGUAGE_STANDARD = gnu11;
				GCC_DYNAMIC_NO_PIC = NO;
				GCC_NO_COMMON_BLOCKS = YES;
				GCC_OPTIMIZATION_LEVEL = 0;
				GCC_PREPROCESSOR_DEFINITIONS = (
					"DEBUG=1",
					"$(inherited)",
				);
				GCC_WARN_64_TO_32_BIT_CONVERSION = YES;
				GCC_WARN_ABOUT_RETURN_TYPE = YES_ERROR;
				GCC_WARN_UNDECLARED_SELECTOR = YES;
				GCC_WARN_UNINITIALIZED_AUTOS = YES_AGGRESSIVE;
				GCC_WARN_UNUSED_FUNCTION = YES;
				GCC_WARN_UNUSED_VARIABLE = YES;
				IPHONEOS_DEPLOYMENT_TARGET = 12.0;
				MTL_ENABLE_DEBUG_INFO = INCLUDE_SOURCE;
				ONLY_ACTIVE_ARCH = YES;
				SDKROOT = iphoneos;
				SWIFT_ACTIVE_COMPILATION_CONDITIONS = DEBUG;
				SWIFT_OPTIMIZATION_LEVEL = "-Onone";
			};
			name = Debug;
		};
		EFA900FF20E3AFFA0033B63B /* Release */ = {
			isa = XCBuildConfiguration;
			buildSettings = {
				ALWAYS_SEARCH_USER_PATHS = NO;
				CLANG_ANALYZER_NONNULL = YES;
				CLANG_ANALYZER_NUMBER_OBJECT_CONVERSION = YES_AGGRESSIVE;
				CLANG_CXX_LANGUAGE_STANDARD = "gnu++14";
				CLANG_CXX_LIBRARY = "libc++";
				CLANG_ENABLE_MODULES = YES;
				CLANG_ENABLE_OBJC_ARC = YES;
				CLANG_ENABLE_OBJC_WEAK = YES;
				CLANG_WARN_BLOCK_CAPTURE_AUTORELEASING = YES;
				CLANG_WARN_BOOL_CONVERSION = YES;
				CLANG_WARN_COMMA = YES;
				CLANG_WARN_CONSTANT_CONVERSION = YES;
				CLANG_WARN_DEPRECATED_OBJC_IMPLEMENTATIONS = YES;
				CLANG_WARN_DIRECT_OBJC_ISA_USAGE = YES_ERROR;
				CLANG_WARN_DOCUMENTATION_COMMENTS = YES;
				CLANG_WARN_EMPTY_BODY = YES;
				CLANG_WARN_ENUM_CONVERSION = YES;
				CLANG_WARN_INFINITE_RECURSION = YES;
				CLANG_WARN_INT_CONVERSION = YES;
				CLANG_WARN_NON_LITERAL_NULL_CONVERSION = YES;
				CLANG_WARN_OBJC_IMPLICIT_RETAIN_SELF = YES;
				CLANG_WARN_OBJC_LITERAL_CONVERSION = YES;
				CLANG_WARN_OBJC_ROOT_CLASS = YES_ERROR;
				CLANG_WARN_RANGE_LOOP_ANALYSIS = YES;
				CLANG_WARN_STRICT_PROTOTYPES = YES;
				CLANG_WARN_SUSPICIOUS_MOVE = YES;
				CLANG_WARN_UNGUARDED_AVAILABILITY = YES_AGGRESSIVE;
				CLANG_WARN_UNREACHABLE_CODE = YES;
				CLANG_WARN__DUPLICATE_METHOD_MATCH = YES;
				CODE_SIGN_IDENTITY = "iPhone Developer";
				COPY_PHASE_STRIP = NO;
				DEBUG_INFORMATION_FORMAT = "dwarf-with-dsym";
				ENABLE_NS_ASSERTIONS = NO;
				ENABLE_STRICT_OBJC_MSGSEND = YES;
				GCC_C_LANGUAGE_STANDARD = gnu11;
				GCC_NO_COMMON_BLOCKS = YES;
				GCC_WARN_64_TO_32_BIT_CONVERSION = YES;
				GCC_WARN_ABOUT_RETURN_TYPE = YES_ERROR;
				GCC_WARN_UNDECLARED_SELECTOR = YES;
				GCC_WARN_UNINITIALIZED_AUTOS = YES_AGGRESSIVE;
				GCC_WARN_UNUSED_FUNCTION = YES;
				GCC_WARN_UNUSED_VARIABLE = YES;
				IPHONEOS_DEPLOYMENT_TARGET = 12.0;
				MTL_ENABLE_DEBUG_INFO = NO;
				SDKROOT = iphoneos;
				SWIFT_COMPILATION_MODE = wholemodule;
				SWIFT_OPTIMIZATION_LEVEL = "-O";
				VALIDATE_PRODUCT = YES;
			};
			name = Release;
		};
		EFA9010120E3AFFA0033B63B /* Debug */ = {
			isa = XCBuildConfiguration;
			buildSettings = {
				ASSETCATALOG_COMPILER_APPICON_NAME = AppIcon;
				CODE_SIGN_STYLE = Automatic;
				INFOPLIST_FILE = PhotoWall/Info.plist;
				LD_RUNPATH_SEARCH_PATHS = (
					"$(inherited)",
					"@executable_path/Frameworks",
				);
				PRODUCT_BUNDLE_IDENTIFIER = com.thoughtworks.PhotoWall;
				PRODUCT_NAME = "$(TARGET_NAME)";
				SWIFT_VERSION = 4.2;
				TARGETED_DEVICE_FAMILY = "1,2";
			};
			name = Debug;
		};
		EFA9010220E3AFFA0033B63B /* Release */ = {
			isa = XCBuildConfiguration;
			buildSettings = {
				ASSETCATALOG_COMPILER_APPICON_NAME = AppIcon;
				CODE_SIGN_STYLE = Automatic;
				INFOPLIST_FILE = PhotoWall/Info.plist;
				LD_RUNPATH_SEARCH_PATHS = (
					"$(inherited)",
					"@executable_path/Frameworks",
				);
				PRODUCT_BUNDLE_IDENTIFIER = com.thoughtworks.PhotoWall;
				PRODUCT_NAME = "$(TARGET_NAME)";
				SWIFT_VERSION = 4.2;
				TARGETED_DEVICE_FAMILY = "1,2";
			};
			name = Release;
		};
		EFA9010420E3AFFA0033B63B /* Debug */ = {
			isa = XCBuildConfiguration;
			buildSettings = {
				ALWAYS_EMBED_SWIFT_STANDARD_LIBRARIES = YES;
				BUNDLE_LOADER = "$(TEST_HOST)";
				CODE_SIGN_STYLE = Automatic;
				INFOPLIST_FILE = PhotoWallTests/Info.plist;
				LD_RUNPATH_SEARCH_PATHS = (
					"$(inherited)",
					"@executable_path/Frameworks",
					"@loader_path/Frameworks",
				);
				PRODUCT_BUNDLE_IDENTIFIER = com.thoughtworks.PhotoWallTests;
				PRODUCT_NAME = "$(TARGET_NAME)";
				SWIFT_VERSION = 4.2;
				TARGETED_DEVICE_FAMILY = "1,2";
				TEST_HOST = "$(BUILT_PRODUCTS_DIR)/PhotoWall.app/PhotoWall";
			};
			name = Debug;
		};
		EFA9010520E3AFFA0033B63B /* Release */ = {
			isa = XCBuildConfiguration;
			buildSettings = {
				ALWAYS_EMBED_SWIFT_STANDARD_LIBRARIES = YES;
				BUNDLE_LOADER = "$(TEST_HOST)";
				CODE_SIGN_STYLE = Automatic;
				INFOPLIST_FILE = PhotoWallTests/Info.plist;
				LD_RUNPATH_SEARCH_PATHS = (
					"$(inherited)",
					"@executable_path/Frameworks",
					"@loader_path/Frameworks",
				);
				PRODUCT_BUNDLE_IDENTIFIER = com.thoughtworks.PhotoWallTests;
				PRODUCT_NAME = "$(TARGET_NAME)";
				SWIFT_VERSION = 4.2;
				TARGETED_DEVICE_FAMILY = "1,2";
				TEST_HOST = "$(BUILT_PRODUCTS_DIR)/PhotoWall.app/PhotoWall";
			};
			name = Release;
		};
		EFA9010720E3AFFA0033B63B /* Debug */ = {
			isa = XCBuildConfiguration;
			buildSettings = {
				ALWAYS_EMBED_SWIFT_STANDARD_LIBRARIES = YES;
				CODE_SIGN_STYLE = Automatic;
				INFOPLIST_FILE = PhotoWallUITests/Info.plist;
				LD_RUNPATH_SEARCH_PATHS = (
					"$(inherited)",
					"@executable_path/Frameworks",
					"@loader_path/Frameworks",
				);
				PRODUCT_BUNDLE_IDENTIFIER = com.thoughtworks.PhotoWallUITests;
				PRODUCT_NAME = "$(TARGET_NAME)";
				SWIFT_VERSION = 4.2;
				TARGETED_DEVICE_FAMILY = "1,2";
				TEST_TARGET_NAME = PhotoWall;
			};
			name = Debug;
		};
		EFA9010820E3AFFA0033B63B /* Release */ = {
			isa = XCBuildConfiguration;
			buildSettings = {
				ALWAYS_EMBED_SWIFT_STANDARD_LIBRARIES = YES;
				CODE_SIGN_STYLE = Automatic;
				INFOPLIST_FILE = PhotoWallUITests/Info.plist;
				LD_RUNPATH_SEARCH_PATHS = (
					"$(inherited)",
					"@executable_path/Frameworks",
					"@loader_path/Frameworks",
				);
				PRODUCT_BUNDLE_IDENTIFIER = com.thoughtworks.PhotoWallUITests;
				PRODUCT_NAME = "$(TARGET_NAME)";
				SWIFT_VERSION = 4.2;
				TARGETED_DEVICE_FAMILY = "1,2";
				TEST_TARGET_NAME = PhotoWall;
			};
			name = Release;
		};
/* End XCBuildConfiguration section */

/* Begin XCConfigurationList section */
		EFA900D120E3AFF20033B63B /* Build configuration list for PBXProject "PhotoWall" */ = {
			isa = XCConfigurationList;
			buildConfigurations = (
				EFA900FE20E3AFFA0033B63B /* Debug */,
				EFA900FF20E3AFFA0033B63B /* Release */,
			);
			defaultConfigurationIsVisible = 0;
			defaultConfigurationName = Release;
		};
		EFA9010020E3AFFA0033B63B /* Build configuration list for PBXNativeTarget "PhotoWall" */ = {
			isa = XCConfigurationList;
			buildConfigurations = (
				EFA9010120E3AFFA0033B63B /* Debug */,
				EFA9010220E3AFFA0033B63B /* Release */,
			);
			defaultConfigurationIsVisible = 0;
			defaultConfigurationName = Release;
		};
		EFA9010320E3AFFA0033B63B /* Build configuration list for PBXNativeTarget "PhotoWallTests" */ = {
			isa = XCConfigurationList;
			buildConfigurations = (
				EFA9010420E3AFFA0033B63B /* Debug */,
				EFA9010520E3AFFA0033B63B /* Release */,
			);
			defaultConfigurationIsVisible = 0;
			defaultConfigurationName = Release;
		};
		EFA9010620E3AFFA0033B63B /* Build configuration list for PBXNativeTarget "PhotoWallUITests" */ = {
			isa = XCConfigurationList;
			buildConfigurations = (
				EFA9010720E3AFFA0033B63B /* Debug */,
				EFA9010820E3AFFA0033B63B /* Release */,
			);
			defaultConfigurationIsVisible = 0;
			defaultConfigurationName = Release;
		};
/* End XCConfigurationList section */
	};
	rootObject = EFA900CE20E3AFF20033B63B /* Project object */;
}
