// !$*UTF8*$!
{
	archiveVersion = 1;
	classes = {
	};
	objectVersion = 50;
	objects = {

/* Begin PBXBuildFile section */
		005F9D222C3B318E0B5B34EB /* Pods_PhotoWall.framework in Frameworks */ = {isa = PBXBuildFile; fileRef = F692AE28ADA68EEA86F90634 /* Pods_PhotoWall.framework */; };
		B7A08F734450CD7462A38BF2 /* Pods_PhotoWallTests.framework in Frameworks */ = {isa = PBXBuildFile; fileRef = 4D8DC9AD0B5BE5659A24A9EB /* Pods_PhotoWallTests.framework */; };
		EF0E5256212467C800B5BEB0 /* LoadingController.swift in Sources */ = {isa = PBXBuildFile; fileRef = EF0E5255212467C800B5BEB0 /* LoadingController.swift */; };
		EF12C5462136E98E0056406F /* ARButton.swift in Sources */ = {isa = PBXBuildFile; fileRef = EF12C5452136E98E0056406F /* ARButton.swift */; };
		EF12C54A2136F4050056406F /* AssetController.swift in Sources */ = {isa = PBXBuildFile; fileRef = EF12C5492136F4050056406F /* AssetController.swift */; };
		EF24FEEA211BC1D10069F83A /* WallAsset.swift in Sources */ = {isa = PBXBuildFile; fileRef = EF24FEE9211BC1D10069F83A /* WallAsset.swift */; };
		EF24FEF8211C3B160069F83A /* PhotoWallController.swift in Sources */ = {isa = PBXBuildFile; fileRef = EF24FEF6211C3B160069F83A /* PhotoWallController.swift */; };
		EF24FEF9211C3B160069F83A /* CameraController.swift in Sources */ = {isa = PBXBuildFile; fileRef = EF24FEF7211C3B160069F83A /* CameraController.swift */; };
		EF24FF00211C43CD0069F83A /* LocalAssetStore.swift in Sources */ = {isa = PBXBuildFile; fileRef = EF24FEFF211C43CD0069F83A /* LocalAssetStore.swift */; };
		EF24FF02211D67160069F83A /* WallAssetManifest.swift in Sources */ = {isa = PBXBuildFile; fileRef = EF24FF01211D67160069F83A /* WallAssetManifest.swift */; };
		EF3F6A2D2125B81300498C00 /* Secrets.plist in Resources */ = {isa = PBXBuildFile; fileRef = EF3F6A2C2125B81300498C00 /* Secrets.plist */; };
		EF3F6A2F2125BFA700498C00 /* AppConfigLoader.swift in Sources */ = {isa = PBXBuildFile; fileRef = EF3F6A2E2125BFA700498C00 /* AppConfigLoader.swift */; };
		EF3F6A312125BFF400498C00 /* AppConfig.swift in Sources */ = {isa = PBXBuildFile; fileRef = EF3F6A302125BFF400498C00 /* AppConfig.swift */; };
		EF3F6A332125C16D00498C00 /* LibraryController.swift in Sources */ = {isa = PBXBuildFile; fileRef = EF3F6A322125C16D00498C00 /* LibraryController.swift */; };
		EF3F6A362125CCA200498C00 /* AssetCell.swift in Sources */ = {isa = PBXBuildFile; fileRef = EF3F6A352125CCA200498C00 /* AssetCell.swift */; };
		EF8AF5C3211E663000430D8F /* CustomStringConvertable.swift in Sources */ = {isa = PBXBuildFile; fileRef = EF8AF5C2211E663000430D8F /* CustomStringConvertable.swift */; };
		EF8AF5C5211F14DF00430D8F /* RemoteAssetStore.swift in Sources */ = {isa = PBXBuildFile; fileRef = EF8AF5C4211F14DF00430D8F /* RemoteAssetStore.swift */; };
		EFA88E57215A684600BDA5A9 /* LocationService.swift in Sources */ = {isa = PBXBuildFile; fileRef = EFA88E55215A684600BDA5A9 /* LocationService.swift */; };
		EFA88E58215A684600BDA5A9 /* LocationClient.swift in Sources */ = {isa = PBXBuildFile; fileRef = EFA88E56215A684600BDA5A9 /* LocationClient.swift */; };
		EFA88E5B215A688200BDA5A9 /* Location.swift in Sources */ = {isa = PBXBuildFile; fileRef = EFA88E59215A688200BDA5A9 /* Location.swift */; };
		EFA88E5C215A688200BDA5A9 /* Country.swift in Sources */ = {isa = PBXBuildFile; fileRef = EFA88E5A215A688200BDA5A9 /* Country.swift */; };
		EFA88E5E215A69D900BDA5A9 /* BaseService.swift in Sources */ = {isa = PBXBuildFile; fileRef = EFA88E5D215A69D900BDA5A9 /* BaseService.swift */; };
		EFA88E60215A6A4A00BDA5A9 /* Constants.swift in Sources */ = {isa = PBXBuildFile; fileRef = EFA88E5F215A6A4A00BDA5A9 /* Constants.swift */; };
		EFA88E67215A6AFA00BDA5A9 /* LocationSpec.swift in Sources */ = {isa = PBXBuildFile; fileRef = EFA88E65215A6AFA00BDA5A9 /* LocationSpec.swift */; };
		EFA88E68215A6AFA00BDA5A9 /* CountrySpec.swift in Sources */ = {isa = PBXBuildFile; fileRef = EFA88E66215A6AFA00BDA5A9 /* CountrySpec.swift */; };
		EFA88E6A215A6D1000BDA5A9 /* AuthProvider.swift in Sources */ = {isa = PBXBuildFile; fileRef = EFA88E69215A6D1000BDA5A9 /* AuthProvider.swift */; };
		EFA88E6C215A801F00BDA5A9 /* GoogleAuthService.swift in Sources */ = {isa = PBXBuildFile; fileRef = EFA88E6B215A801F00BDA5A9 /* GoogleAuthService.swift */; };
		EFA88E6E215A834A00BDA5A9 /* Coordinator.swift in Sources */ = {isa = PBXBuildFile; fileRef = EFA88E6D215A834A00BDA5A9 /* Coordinator.swift */; };
		EFA88E70215A83BD00BDA5A9 /* LoginController.swift in Sources */ = {isa = PBXBuildFile; fileRef = EFA88E6F215A83BD00BDA5A9 /* LoginController.swift */; };
		EFA88E72215A840F00BDA5A9 /* LocationListController.swift in Sources */ = {isa = PBXBuildFile; fileRef = EFA88E71215A840F00BDA5A9 /* LocationListController.swift */; };
		EFA88E75215A845100BDA5A9 /* LocationDataSource.swift in Sources */ = {isa = PBXBuildFile; fileRef = EFA88E74215A845100BDA5A9 /* LocationDataSource.swift */; };
		EFA88E77215A888C00BDA5A9 /* Login.xib in Resources */ = {isa = PBXBuildFile; fileRef = EFA88E76215A888C00BDA5A9 /* Login.xib */; };
		EFA88E79215A8CD900BDA5A9 /* UINavigationController.swift in Sources */ = {isa = PBXBuildFile; fileRef = EFA88E78215A8CD900BDA5A9 /* UINavigationController.swift */; };
		EFA88E7B215A9D8100BDA5A9 /* Loading.xib in Resources */ = {isa = PBXBuildFile; fileRef = EFA88E7A215A9D8100BDA5A9 /* Loading.xib */; };
		EFA88E7D215B0ADE00BDA5A9 /* AssetStore.swift in Sources */ = {isa = PBXBuildFile; fileRef = EFA88E7C215B0ADE00BDA5A9 /* AssetStore.swift */; };
		EFA900DA20E3AFF30033B63B /* AppDelegate.swift in Sources */ = {isa = PBXBuildFile; fileRef = EFA900D920E3AFF30033B63B /* AppDelegate.swift */; };
		EFA900E120E3AFF30033B63B /* Main.storyboard in Resources */ = {isa = PBXBuildFile; fileRef = EFA900DF20E3AFF30033B63B /* Main.storyboard */; };
		EFA900E320E3AFF90033B63B /* Assets.xcassets in Resources */ = {isa = PBXBuildFile; fileRef = EFA900E220E3AFF90033B63B /* Assets.xcassets */; };
		EFA900E620E3AFF90033B63B /* LaunchScreen.storyboard in Resources */ = {isa = PBXBuildFile; fileRef = EFA900E420E3AFF90033B63B /* LaunchScreen.storyboard */; };
		EFA900F120E3AFFA0033B63B /* PhotoWallTests.swift in Sources */ = {isa = PBXBuildFile; fileRef = EFA900F020E3AFFA0033B63B /* PhotoWallTests.swift */; };
/* End PBXBuildFile section */

/* Begin PBXContainerItemProxy section */
		EFA900ED20E3AFF90033B63B /* PBXContainerItemProxy */ = {
			isa = PBXContainerItemProxy;
			containerPortal = EFA900CE20E3AFF20033B63B /* Project object */;
			proxyType = 1;
			remoteGlobalIDString = EFA900D520E3AFF30033B63B;
			remoteInfo = PhotoWall;
		};
/* End PBXContainerItemProxy section */

/* Begin PBXFileReference section */
		174A236BC3F7A05A32242F68 /* Pods_PhotoWallUITests.framework */ = {isa = PBXFileReference; explicitFileType = wrapper.framework; includeInIndex = 0; path = Pods_PhotoWallUITests.framework; sourceTree = BUILT_PRODUCTS_DIR; };
		4D8DC9AD0B5BE5659A24A9EB /* Pods_PhotoWallTests.framework */ = {isa = PBXFileReference; explicitFileType = wrapper.framework; includeInIndex = 0; path = Pods_PhotoWallTests.framework; sourceTree = BUILT_PRODUCTS_DIR; };
		4DE5B33CF5736755B990573D /* Pods-PhotoWall.release.xcconfig */ = {isa = PBXFileReference; includeInIndex = 1; lastKnownFileType = text.xcconfig; name = "Pods-PhotoWall.release.xcconfig"; path = "Pods/Target Support Files/Pods-PhotoWall/Pods-PhotoWall.release.xcconfig"; sourceTree = "<group>"; };
		64517FDF6CF3B3B61C6BEC89 /* Pods-PhotoWallTests.release.xcconfig */ = {isa = PBXFileReference; includeInIndex = 1; lastKnownFileType = text.xcconfig; name = "Pods-PhotoWallTests.release.xcconfig"; path = "Pods/Target Support Files/Pods-PhotoWallTests/Pods-PhotoWallTests.release.xcconfig"; sourceTree = "<group>"; };
		882547E2FDA9B0D30A4BBA05 /* Pods-PhotoWall.debug.xcconfig */ = {isa = PBXFileReference; includeInIndex = 1; lastKnownFileType = text.xcconfig; name = "Pods-PhotoWall.debug.xcconfig"; path = "Pods/Target Support Files/Pods-PhotoWall/Pods-PhotoWall.debug.xcconfig"; sourceTree = "<group>"; };
		C4A7193B75A71DD1854CCD22 /* Pods-PhotoWallUITests.debug.xcconfig */ = {isa = PBXFileReference; includeInIndex = 1; lastKnownFileType = text.xcconfig; name = "Pods-PhotoWallUITests.debug.xcconfig"; path = "Pods/Target Support Files/Pods-PhotoWallUITests/Pods-PhotoWallUITests.debug.xcconfig"; sourceTree = "<group>"; };
		EA691CD4572AA350C15F6EBD /* Pods-PhotoWallUITests.release.xcconfig */ = {isa = PBXFileReference; includeInIndex = 1; lastKnownFileType = text.xcconfig; name = "Pods-PhotoWallUITests.release.xcconfig"; path = "Pods/Target Support Files/Pods-PhotoWallUITests/Pods-PhotoWallUITests.release.xcconfig"; sourceTree = "<group>"; };
		EE3804261C981A2DB03B8DB8 /* Pods-PhotoWallTests.debug.xcconfig */ = {isa = PBXFileReference; includeInIndex = 1; lastKnownFileType = text.xcconfig; name = "Pods-PhotoWallTests.debug.xcconfig"; path = "Pods/Target Support Files/Pods-PhotoWallTests/Pods-PhotoWallTests.debug.xcconfig"; sourceTree = "<group>"; };
		EF0E5255212467C800B5BEB0 /* LoadingController.swift */ = {isa = PBXFileReference; lastKnownFileType = sourcecode.swift; path = LoadingController.swift; sourceTree = "<group>"; };
		EF12C5452136E98E0056406F /* ARButton.swift */ = {isa = PBXFileReference; lastKnownFileType = sourcecode.swift; path = ARButton.swift; sourceTree = "<group>"; };
		EF12C5492136F4050056406F /* AssetController.swift */ = {isa = PBXFileReference; lastKnownFileType = sourcecode.swift; path = AssetController.swift; sourceTree = "<group>"; };
		EF24FEE9211BC1D10069F83A /* WallAsset.swift */ = {isa = PBXFileReference; lastKnownFileType = sourcecode.swift; path = WallAsset.swift; sourceTree = "<group>"; };
		EF24FEF6211C3B160069F83A /* PhotoWallController.swift */ = {isa = PBXFileReference; fileEncoding = 4; lastKnownFileType = sourcecode.swift; name = PhotoWallController.swift; path = PhotoWall/Controllers/PhotoWallController.swift; sourceTree = SOURCE_ROOT; };
		EF24FEF7211C3B160069F83A /* CameraController.swift */ = {isa = PBXFileReference; fileEncoding = 4; lastKnownFileType = sourcecode.swift; name = CameraController.swift; path = PhotoWall/Controllers/CameraController.swift; sourceTree = SOURCE_ROOT; };
		EF24FEFF211C43CD0069F83A /* LocalAssetStore.swift */ = {isa = PBXFileReference; lastKnownFileType = sourcecode.swift; path = LocalAssetStore.swift; sourceTree = "<group>"; };
		EF24FF01211D67160069F83A /* WallAssetManifest.swift */ = {isa = PBXFileReference; lastKnownFileType = sourcecode.swift; path = WallAssetManifest.swift; sourceTree = "<group>"; };
		EF3F6A2C2125B81300498C00 /* Secrets.plist */ = {isa = PBXFileReference; lastKnownFileType = text.plist.xml; path = Secrets.plist; sourceTree = "<group>"; };
		EF3F6A2E2125BFA700498C00 /* AppConfigLoader.swift */ = {isa = PBXFileReference; lastKnownFileType = sourcecode.swift; path = AppConfigLoader.swift; sourceTree = "<group>"; };
		EF3F6A302125BFF400498C00 /* AppConfig.swift */ = {isa = PBXFileReference; lastKnownFileType = sourcecode.swift; path = AppConfig.swift; sourceTree = "<group>"; };
		EF3F6A322125C16D00498C00 /* LibraryController.swift */ = {isa = PBXFileReference; lastKnownFileType = sourcecode.swift; path = LibraryController.swift; sourceTree = "<group>"; };
		EF3F6A352125CCA200498C00 /* AssetCell.swift */ = {isa = PBXFileReference; lastKnownFileType = sourcecode.swift; path = AssetCell.swift; sourceTree = "<group>"; };
		EF8AF5C2211E663000430D8F /* CustomStringConvertable.swift */ = {isa = PBXFileReference; lastKnownFileType = sourcecode.swift; path = CustomStringConvertable.swift; sourceTree = "<group>"; };
		EF8AF5C4211F14DF00430D8F /* RemoteAssetStore.swift */ = {isa = PBXFileReference; lastKnownFileType = sourcecode.swift; path = RemoteAssetStore.swift; sourceTree = "<group>"; };
		EFA88E55215A684600BDA5A9 /* LocationService.swift */ = {isa = PBXFileReference; fileEncoding = 4; lastKnownFileType = sourcecode.swift; path = LocationService.swift; sourceTree = "<group>"; };
		EFA88E56215A684600BDA5A9 /* LocationClient.swift */ = {isa = PBXFileReference; fileEncoding = 4; lastKnownFileType = sourcecode.swift; path = LocationClient.swift; sourceTree = "<group>"; };
		EFA88E59215A688200BDA5A9 /* Location.swift */ = {isa = PBXFileReference; fileEncoding = 4; lastKnownFileType = sourcecode.swift; path = Location.swift; sourceTree = "<group>"; };
		EFA88E5A215A688200BDA5A9 /* Country.swift */ = {isa = PBXFileReference; fileEncoding = 4; lastKnownFileType = sourcecode.swift; path = Country.swift; sourceTree = "<group>"; };
		EFA88E5D215A69D900BDA5A9 /* BaseService.swift */ = {isa = PBXFileReference; fileEncoding = 4; lastKnownFileType = sourcecode.swift; path = BaseService.swift; sourceTree = "<group>"; };
		EFA88E5F215A6A4A00BDA5A9 /* Constants.swift */ = {isa = PBXFileReference; fileEncoding = 4; lastKnownFileType = sourcecode.swift; name = Constants.swift; path = PhotoWall/Constants.swift; sourceTree = SOURCE_ROOT; };
		EFA88E65215A6AFA00BDA5A9 /* LocationSpec.swift */ = {isa = PBXFileReference; fileEncoding = 4; lastKnownFileType = sourcecode.swift; path = LocationSpec.swift; sourceTree = "<group>"; };
		EFA88E66215A6AFA00BDA5A9 /* CountrySpec.swift */ = {isa = PBXFileReference; fileEncoding = 4; lastKnownFileType = sourcecode.swift; path = CountrySpec.swift; sourceTree = "<group>"; };
		EFA88E69215A6D1000BDA5A9 /* AuthProvider.swift */ = {isa = PBXFileReference; fileEncoding = 4; lastKnownFileType = sourcecode.swift; path = AuthProvider.swift; sourceTree = "<group>"; };
		EFA88E6B215A801F00BDA5A9 /* GoogleAuthService.swift */ = {isa = PBXFileReference; fileEncoding = 4; lastKnownFileType = sourcecode.swift; path = GoogleAuthService.swift; sourceTree = "<group>"; };
		EFA88E6D215A834A00BDA5A9 /* Coordinator.swift */ = {isa = PBXFileReference; fileEncoding = 4; lastKnownFileType = sourcecode.swift; path = Coordinator.swift; sourceTree = "<group>"; };
		EFA88E6F215A83BD00BDA5A9 /* LoginController.swift */ = {isa = PBXFileReference; fileEncoding = 4; lastKnownFileType = sourcecode.swift; path = LoginController.swift; sourceTree = "<group>"; };
		EFA88E71215A840F00BDA5A9 /* LocationListController.swift */ = {isa = PBXFileReference; fileEncoding = 4; lastKnownFileType = sourcecode.swift; path = LocationListController.swift; sourceTree = "<group>"; };
		EFA88E74215A845100BDA5A9 /* LocationDataSource.swift */ = {isa = PBXFileReference; fileEncoding = 4; lastKnownFileType = sourcecode.swift; path = LocationDataSource.swift; sourceTree = "<group>"; };
		EFA88E76215A888C00BDA5A9 /* Login.xib */ = {isa = PBXFileReference; fileEncoding = 4; lastKnownFileType = file.xib; path = Login.xib; sourceTree = "<group>"; };
		EFA88E78215A8CD900BDA5A9 /* UINavigationController.swift */ = {isa = PBXFileReference; fileEncoding = 4; lastKnownFileType = sourcecode.swift; path = UINavigationController.swift; sourceTree = "<group>"; };
		EFA88E7A215A9D8100BDA5A9 /* Loading.xib */ = {isa = PBXFileReference; lastKnownFileType = file.xib; path = Loading.xib; sourceTree = "<group>"; };
		EFA88E7C215B0ADE00BDA5A9 /* AssetStore.swift */ = {isa = PBXFileReference; lastKnownFileType = sourcecode.swift; path = AssetStore.swift; sourceTree = "<group>"; };
		EFA900D620E3AFF30033B63B /* PhotoWall.app */ = {isa = PBXFileReference; explicitFileType = wrapper.application; includeInIndex = 0; path = PhotoWall.app; sourceTree = BUILT_PRODUCTS_DIR; };
		EFA900D920E3AFF30033B63B /* AppDelegate.swift */ = {isa = PBXFileReference; lastKnownFileType = sourcecode.swift; path = AppDelegate.swift; sourceTree = "<group>"; };
		EFA900E020E3AFF30033B63B /* Base */ = {isa = PBXFileReference; lastKnownFileType = file.storyboard; name = Base; path = Base.lproj/Main.storyboard; sourceTree = "<group>"; };
		EFA900E220E3AFF90033B63B /* Assets.xcassets */ = {isa = PBXFileReference; lastKnownFileType = folder.assetcatalog; path = Assets.xcassets; sourceTree = "<group>"; };
		EFA900E520E3AFF90033B63B /* Base */ = {isa = PBXFileReference; lastKnownFileType = file.storyboard; name = Base; path = Base.lproj/LaunchScreen.storyboard; sourceTree = "<group>"; };
		EFA900E720E3AFF90033B63B /* Info.plist */ = {isa = PBXFileReference; lastKnownFileType = text.plist.xml; path = Info.plist; sourceTree = "<group>"; };
		EFA900EC20E3AFF90033B63B /* PhotoWallTests.xctest */ = {isa = PBXFileReference; explicitFileType = wrapper.cfbundle; includeInIndex = 0; path = PhotoWallTests.xctest; sourceTree = BUILT_PRODUCTS_DIR; };
		EFA900F020E3AFFA0033B63B /* PhotoWallTests.swift */ = {isa = PBXFileReference; lastKnownFileType = sourcecode.swift; path = PhotoWallTests.swift; sourceTree = "<group>"; };
		EFA900F220E3AFFA0033B63B /* Info.plist */ = {isa = PBXFileReference; lastKnownFileType = text.plist.xml; path = Info.plist; sourceTree = "<group>"; };
		F692AE28ADA68EEA86F90634 /* Pods_PhotoWall.framework */ = {isa = PBXFileReference; explicitFileType = wrapper.framework; includeInIndex = 0; path = Pods_PhotoWall.framework; sourceTree = BUILT_PRODUCTS_DIR; };
/* End PBXFileReference section */

/* Begin PBXFrameworksBuildPhase section */
		EFA900D320E3AFF30033B63B /* Frameworks */ = {
			isa = PBXFrameworksBuildPhase;
			buildActionMask = 2147483647;
			files = (
				005F9D222C3B318E0B5B34EB /* Pods_PhotoWall.framework in Frameworks */,
			);
			runOnlyForDeploymentPostprocessing = 0;
		};
		EFA900E920E3AFF90033B63B /* Frameworks */ = {
			isa = PBXFrameworksBuildPhase;
			buildActionMask = 2147483647;
			files = (
				B7A08F734450CD7462A38BF2 /* Pods_PhotoWallTests.framework in Frameworks */,
			);
			runOnlyForDeploymentPostprocessing = 0;
		};
/* End PBXFrameworksBuildPhase section */

/* Begin PBXGroup section */
		C6BD483AE6D07D547211A2D8 /* Pods */ = {
			isa = PBXGroup;
			children = (
				882547E2FDA9B0D30A4BBA05 /* Pods-PhotoWall.debug.xcconfig */,
				4DE5B33CF5736755B990573D /* Pods-PhotoWall.release.xcconfig */,
				EE3804261C981A2DB03B8DB8 /* Pods-PhotoWallTests.debug.xcconfig */,
				64517FDF6CF3B3B61C6BEC89 /* Pods-PhotoWallTests.release.xcconfig */,
				C4A7193B75A71DD1854CCD22 /* Pods-PhotoWallUITests.debug.xcconfig */,
				EA691CD4572AA350C15F6EBD /* Pods-PhotoWallUITests.release.xcconfig */,
			);
			name = Pods;
			sourceTree = "<group>";
		};
		EF0CBBD92111D6730067E9AB /* Controllers */ = {
			isa = PBXGroup;
			children = (
				EF0E5255212467C800B5BEB0 /* LoadingController.swift */,
				EFA88E6F215A83BD00BDA5A9 /* LoginController.swift */,
				EFA88E71215A840F00BDA5A9 /* LocationListController.swift */,
				EF24FEF6211C3B160069F83A /* PhotoWallController.swift */,
				EF24FEF7211C3B160069F83A /* CameraController.swift */,
				EF3F6A322125C16D00498C00 /* LibraryController.swift */,
				EF12C5492136F4050056406F /* AssetController.swift */,
			);
			path = Controllers;
			sourceTree = "<group>";
		};
		EF24FEE8211BC10C0069F83A /* Models */ = {
			isa = PBXGroup;
			children = (
				EF24FEE9211BC1D10069F83A /* WallAsset.swift */,
				EF24FF01211D67160069F83A /* WallAssetManifest.swift */,
				EF3F6A302125BFF400498C00 /* AppConfig.swift */,
				EFA88E5A215A688200BDA5A9 /* Country.swift */,
				EFA88E59215A688200BDA5A9 /* Location.swift */,
			);
			path = Models;
			sourceTree = "<group>";
		};
		EF24FEFE211C43B40069F83A /* Services */ = {
			isa = PBXGroup;
			children = (
				EFA88E7C215B0ADE00BDA5A9 /* AssetStore.swift */,
				EF24FEFF211C43CD0069F83A /* LocalAssetStore.swift */,
				EF8AF5C4211F14DF00430D8F /* RemoteAssetStore.swift */,
				EF3F6A2E2125BFA700498C00 /* AppConfigLoader.swift */,
				EFA88E55215A684600BDA5A9 /* LocationService.swift */,
				EFA88E56215A684600BDA5A9 /* LocationClient.swift */,
				EFA88E5D215A69D900BDA5A9 /* BaseService.swift */,
				EFA88E69215A6D1000BDA5A9 /* AuthProvider.swift */,
				EFA88E6B215A801F00BDA5A9 /* GoogleAuthService.swift */,
			);
			path = Services;
			sourceTree = "<group>";
		};
		EF3F6A342125CC8E00498C00 /* Views */ = {
			isa = PBXGroup;
			children = (
				EFA88E76215A888C00BDA5A9 /* Login.xib */,
				EFA88E7A215A9D8100BDA5A9 /* Loading.xib */,
				EF3F6A352125CCA200498C00 /* AssetCell.swift */,
				EF12C5452136E98E0056406F /* ARButton.swift */,
			);
			path = Views;
			sourceTree = "<group>";
		};
		EF8AF5C1211E661C00430D8F /* Extensions */ = {
			isa = PBXGroup;
			children = (
				EF8AF5C2211E663000430D8F /* CustomStringConvertable.swift */,
				EFA88E78215A8CD900BDA5A9 /* UINavigationController.swift */,
			);
			path = Extensions;
			sourceTree = "<group>";
		};
		EFA88E64215A6AFA00BDA5A9 /* Models */ = {
			isa = PBXGroup;
			children = (
				EFA88E65215A6AFA00BDA5A9 /* LocationSpec.swift */,
				EFA88E66215A6AFA00BDA5A9 /* CountrySpec.swift */,
			);
			path = Models;
			sourceTree = "<group>";
		};
		EFA88E73215A845100BDA5A9 /* DataSources */ = {
			isa = PBXGroup;
			children = (
				EFA88E74215A845100BDA5A9 /* LocationDataSource.swift */,
			);
			path = DataSources;
			sourceTree = "<group>";
		};
		EFA900CD20E3AFF20033B63B = {
			isa = PBXGroup;
			children = (
				EFA900D820E3AFF30033B63B /* PhotoWall */,
				EFA900EF20E3AFF90033B63B /* PhotoWallTests */,
				EFA900D720E3AFF30033B63B /* Products */,
				C6BD483AE6D07D547211A2D8 /* Pods */,
				F59B4A6DE0B63CC295F994DC /* Frameworks */,
			);
			sourceTree = "<group>";
		};
		EFA900D720E3AFF30033B63B /* Products */ = {
			isa = PBXGroup;
			children = (
				EFA900D620E3AFF30033B63B /* PhotoWall.app */,
				EFA900EC20E3AFF90033B63B /* PhotoWallTests.xctest */,
			);
			name = Products;
			sourceTree = "<group>";
		};
		EFA900D820E3AFF30033B63B /* PhotoWall */ = {
			isa = PBXGroup;
			children = (
				EF3F6A342125CC8E00498C00 /* Views */,
				EF8AF5C1211E661C00430D8F /* Extensions */,
				EF24FEFE211C43B40069F83A /* Services */,
				EF24FEE8211BC10C0069F83A /* Models */,
				EF0CBBD92111D6730067E9AB /* Controllers */,
				EFA88E73215A845100BDA5A9 /* DataSources */,
				EFA88E5F215A6A4A00BDA5A9 /* Constants.swift */,
				EFA900D920E3AFF30033B63B /* AppDelegate.swift */,
				EFA88E6D215A834A00BDA5A9 /* Coordinator.swift */,
				EFA900DF20E3AFF30033B63B /* Main.storyboard */,
				EFA900E220E3AFF90033B63B /* Assets.xcassets */,
				EFA900E420E3AFF90033B63B /* LaunchScreen.storyboard */,
				EFA900E720E3AFF90033B63B /* Info.plist */,
				EF3F6A2C2125B81300498C00 /* Secrets.plist */,
			);
			path = PhotoWall;
			sourceTree = "<group>";
		};
		EFA900EF20E3AFF90033B63B /* PhotoWallTests */ = {
			isa = PBXGroup;
			children = (
				EFA88E64215A6AFA00BDA5A9 /* Models */,
				EFA900F020E3AFFA0033B63B /* PhotoWallTests.swift */,
				EFA900F220E3AFFA0033B63B /* Info.plist */,
			);
			path = PhotoWallTests;
			sourceTree = "<group>";
		};
		F59B4A6DE0B63CC295F994DC /* Frameworks */ = {
			isa = PBXGroup;
			children = (
				F692AE28ADA68EEA86F90634 /* Pods_PhotoWall.framework */,
				4D8DC9AD0B5BE5659A24A9EB /* Pods_PhotoWallTests.framework */,
				174A236BC3F7A05A32242F68 /* Pods_PhotoWallUITests.framework */,
			);
			name = Frameworks;
			sourceTree = "<group>";
		};
/* End PBXGroup section */

/* Begin PBXNativeTarget section */
		EFA900D520E3AFF30033B63B /* PhotoWall */ = {
			isa = PBXNativeTarget;
			buildConfigurationList = EFA9010020E3AFFA0033B63B /* Build configuration list for PBXNativeTarget "PhotoWall" */;
			buildPhases = (
				6BF1C0A38600AFA721402501 /* [CP] Check Pods Manifest.lock */,
				EFA900D220E3AFF30033B63B /* Sources */,
				EFA900D320E3AFF30033B63B /* Frameworks */,
				EFA900D420E3AFF30033B63B /* Resources */,
				0A54C37D8B4294C167693C26 /* [CP] Embed Pods Frameworks */,
				D80E61A4235B817E2A6ADD33 /* [CP] Copy Pods Resources */,
			);
			buildRules = (
			);
			dependencies = (
			);
			name = PhotoWall;
			productName = PhotoWall;
			productReference = EFA900D620E3AFF30033B63B /* PhotoWall.app */;
			productType = "com.apple.product-type.application";
		};
		EFA900EB20E3AFF90033B63B /* PhotoWallTests */ = {
			isa = PBXNativeTarget;
			buildConfigurationList = EFA9010320E3AFFA0033B63B /* Build configuration list for PBXNativeTarget "PhotoWallTests" */;
			buildPhases = (
				9F50808D651D7B1131801F0A /* [CP] Check Pods Manifest.lock */,
				EFA900E820E3AFF90033B63B /* Sources */,
				EFA900E920E3AFF90033B63B /* Frameworks */,
				EFA900EA20E3AFF90033B63B /* Resources */,
				12010034CEDFB97E2341DD02 /* [CP] Embed Pods Frameworks */,
			);
			buildRules = (
			);
			dependencies = (
				EFA900EE20E3AFF90033B63B /* PBXTargetDependency */,
			);
			name = PhotoWallTests;
			productName = PhotoWallTests;
			productReference = EFA900EC20E3AFF90033B63B /* PhotoWallTests.xctest */;
			productType = "com.apple.product-type.bundle.unit-test";
		};
/* End PBXNativeTarget section */

/* Begin PBXProject section */
		EFA900CE20E3AFF20033B63B /* Project object */ = {
			isa = PBXProject;
			attributes = {
				LastSwiftUpdateCheck = 1000;
				LastUpgradeCheck = 1000;
				ORGANIZATIONNAME = "Colin Harris";
				TargetAttributes = {
					EFA900D520E3AFF30033B63B = {
						CreatedOnToolsVersion = 10.0;
					};
					EFA900EB20E3AFF90033B63B = {
						CreatedOnToolsVersion = 10.0;
						TestTargetID = EFA900D520E3AFF30033B63B;
					};
				};
			};
			buildConfigurationList = EFA900D120E3AFF20033B63B /* Build configuration list for PBXProject "PhotoWall" */;
			compatibilityVersion = "Xcode 9.3";
			developmentRegion = en;
			hasScannedForEncodings = 0;
			knownRegions = (
				en,
				Base,
			);
			mainGroup = EFA900CD20E3AFF20033B63B;
			productRefGroup = EFA900D720E3AFF30033B63B /* Products */;
			projectDirPath = "";
			projectRoot = "";
			targets = (
				EFA900D520E3AFF30033B63B /* PhotoWall */,
				EFA900EB20E3AFF90033B63B /* PhotoWallTests */,
			);
		};
/* End PBXProject section */

/* Begin PBXResourcesBuildPhase section */
		EFA900D420E3AFF30033B63B /* Resources */ = {
			isa = PBXResourcesBuildPhase;
			buildActionMask = 2147483647;
			files = (
				EF3F6A2D2125B81300498C00 /* Secrets.plist in Resources */,
				EFA900E620E3AFF90033B63B /* LaunchScreen.storyboard in Resources */,
				EFA88E7B215A9D8100BDA5A9 /* Loading.xib in Resources */,
				EFA900E320E3AFF90033B63B /* Assets.xcassets in Resources */,
				EFA900E120E3AFF30033B63B /* Main.storyboard in Resources */,
				EFA88E77215A888C00BDA5A9 /* Login.xib in Resources */,
			);
			runOnlyForDeploymentPostprocessing = 0;
		};
		EFA900EA20E3AFF90033B63B /* Resources */ = {
			isa = PBXResourcesBuildPhase;
			buildActionMask = 2147483647;
			files = (
			);
			runOnlyForDeploymentPostprocessing = 0;
		};
/* End PBXResourcesBuildPhase section */

/* Begin PBXShellScriptBuildPhase section */
		0A54C37D8B4294C167693C26 /* [CP] Embed Pods Frameworks */ = {
			isa = PBXShellScriptBuildPhase;
			buildActionMask = 2147483647;
			files = (
			);
			inputPaths = (
				"${SRCROOT}/Pods/Target Support Files/Pods-PhotoWall/Pods-PhotoWall-frameworks.sh",
				"${BUILT_PRODUCTS_DIR}/AWSCore/AWSCore.framework",
				"${BUILT_PRODUCTS_DIR}/AWSS3/AWSS3.framework",
				"${BUILT_PRODUCTS_DIR}/Alamofire/Alamofire.framework",
				"${BUILT_PRODUCTS_DIR}/GTMOAuth2/GTMOAuth2.framework",
				"${BUILT_PRODUCTS_DIR}/GTMSessionFetcher/GTMSessionFetcher.framework",
				"${BUILT_PRODUCTS_DIR}/GoogleToolboxForMac/GoogleToolboxForMac.framework",
				"${BUILT_PRODUCTS_DIR}/PKHUD/PKHUD.framework",
				"${BUILT_PRODUCTS_DIR}/PromiseKit/PromiseKit.framework",
			);
			name = "[CP] Embed Pods Frameworks";
			outputPaths = (
				"${TARGET_BUILD_DIR}/${FRAMEWORKS_FOLDER_PATH}/AWSCore.framework",
				"${TARGET_BUILD_DIR}/${FRAMEWORKS_FOLDER_PATH}/AWSS3.framework",
				"${TARGET_BUILD_DIR}/${FRAMEWORKS_FOLDER_PATH}/Alamofire.framework",
				"${TARGET_BUILD_DIR}/${FRAMEWORKS_FOLDER_PATH}/GTMOAuth2.framework",
				"${TARGET_BUILD_DIR}/${FRAMEWORKS_FOLDER_PATH}/GTMSessionFetcher.framework",
				"${TARGET_BUILD_DIR}/${FRAMEWORKS_FOLDER_PATH}/GoogleToolboxForMac.framework",
				"${TARGET_BUILD_DIR}/${FRAMEWORKS_FOLDER_PATH}/PKHUD.framework",
				"${TARGET_BUILD_DIR}/${FRAMEWORKS_FOLDER_PATH}/PromiseKit.framework",
			);
			runOnlyForDeploymentPostprocessing = 0;
			shellPath = /bin/sh;
			shellScript = "\"${SRCROOT}/Pods/Target Support Files/Pods-PhotoWall/Pods-PhotoWall-frameworks.sh\"\n";
			showEnvVarsInLog = 0;
		};
		12010034CEDFB97E2341DD02 /* [CP] Embed Pods Frameworks */ = {
			isa = PBXShellScriptBuildPhase;
			buildActionMask = 2147483647;
			files = (
			);
			inputPaths = (
				"${SRCROOT}/Pods/Target Support Files/Pods-PhotoWallTests/Pods-PhotoWallTests-frameworks.sh",
				"${BUILT_PRODUCTS_DIR}/Nimble/Nimble.framework",
				"${BUILT_PRODUCTS_DIR}/Quick/Quick.framework",
			);
			name = "[CP] Embed Pods Frameworks";
			outputPaths = (
				"${TARGET_BUILD_DIR}/${FRAMEWORKS_FOLDER_PATH}/Nimble.framework",
				"${TARGET_BUILD_DIR}/${FRAMEWORKS_FOLDER_PATH}/Quick.framework",
			);
			runOnlyForDeploymentPostprocessing = 0;
			shellPath = /bin/sh;
			shellScript = "\"${SRCROOT}/Pods/Target Support Files/Pods-PhotoWallTests/Pods-PhotoWallTests-frameworks.sh\"\n";
			showEnvVarsInLog = 0;
		};
		6BF1C0A38600AFA721402501 /* [CP] Check Pods Manifest.lock */ = {
			isa = PBXShellScriptBuildPhase;
			buildActionMask = 2147483647;
			files = (
			);
			inputPaths = (
				"${PODS_PODFILE_DIR_PATH}/Podfile.lock",
				"${PODS_ROOT}/Manifest.lock",
			);
			name = "[CP] Check Pods Manifest.lock";
			outputPaths = (
				"$(DERIVED_FILE_DIR)/Pods-PhotoWall-checkManifestLockResult.txt",
			);
			runOnlyForDeploymentPostprocessing = 0;
			shellPath = /bin/sh;
			shellScript = "diff \"${PODS_PODFILE_DIR_PATH}/Podfile.lock\" \"${PODS_ROOT}/Manifest.lock\" > /dev/null\nif [ $? != 0 ] ; then\n    # print error to STDERR\n    echo \"error: The sandbox is not in sync with the Podfile.lock. Run 'pod install' or update your CocoaPods installation.\" >&2\n    exit 1\nfi\n# This output is used by Xcode 'outputs' to avoid re-running this script phase.\necho \"SUCCESS\" > \"${SCRIPT_OUTPUT_FILE_0}\"\n";
			showEnvVarsInLog = 0;
		};
		9F50808D651D7B1131801F0A /* [CP] Check Pods Manifest.lock */ = {
			isa = PBXShellScriptBuildPhase;
			buildActionMask = 2147483647;
			files = (
			);
			inputPaths = (
				"${PODS_PODFILE_DIR_PATH}/Podfile.lock",
				"${PODS_ROOT}/Manifest.lock",
			);
			name = "[CP] Check Pods Manifest.lock";
			outputPaths = (
				"$(DERIVED_FILE_DIR)/Pods-PhotoWallTests-checkManifestLockResult.txt",
			);
			runOnlyForDeploymentPostprocessing = 0;
			shellPath = /bin/sh;
			shellScript = "diff \"${PODS_PODFILE_DIR_PATH}/Podfile.lock\" \"${PODS_ROOT}/Manifest.lock\" > /dev/null\nif [ $? != 0 ] ; then\n    # print error to STDERR\n    echo \"error: The sandbox is not in sync with the Podfile.lock. Run 'pod install' or update your CocoaPods installation.\" >&2\n    exit 1\nfi\n# This output is used by Xcode 'outputs' to avoid re-running this script phase.\necho \"SUCCESS\" > \"${SCRIPT_OUTPUT_FILE_0}\"\n";
			showEnvVarsInLog = 0;
		};
		D80E61A4235B817E2A6ADD33 /* [CP] Copy Pods Resources */ = {
			isa = PBXShellScriptBuildPhase;
			buildActionMask = 2147483647;
			files = (
			);
			inputPaths = (
				"${SRCROOT}/Pods/Target Support Files/Pods-PhotoWall/Pods-PhotoWall-resources.sh",
				"${PODS_ROOT}/GoogleSignIn/Resources/GoogleSignIn.bundle",
			);
			name = "[CP] Copy Pods Resources";
			outputPaths = (
				"${TARGET_BUILD_DIR}/${UNLOCALIZED_RESOURCES_FOLDER_PATH}/GoogleSignIn.bundle",
			);
			runOnlyForDeploymentPostprocessing = 0;
			shellPath = /bin/sh;
			shellScript = "\"${SRCROOT}/Pods/Target Support Files/Pods-PhotoWall/Pods-PhotoWall-resources.sh\"\n";
			showEnvVarsInLog = 0;
		};
/* End PBXShellScriptBuildPhase section */

/* Begin PBXSourcesBuildPhase section */
		EFA900D220E3AFF30033B63B /* Sources */ = {
			isa = PBXSourcesBuildPhase;
			buildActionMask = 2147483647;
			files = (
				EF12C5462136E98E0056406F /* ARButton.swift in Sources */,
				EF24FF00211C43CD0069F83A /* LocalAssetStore.swift in Sources */,
				EF24FEEA211BC1D10069F83A /* WallAsset.swift in Sources */,
				EF12C54A2136F4050056406F /* AssetController.swift in Sources */,
				EFA88E5B215A688200BDA5A9 /* Location.swift in Sources */,
				EF3F6A362125CCA200498C00 /* AssetCell.swift in Sources */,
				EFA88E72215A840F00BDA5A9 /* LocationListController.swift in Sources */,
				EFA88E6C215A801F00BDA5A9 /* GoogleAuthService.swift in Sources */,
				EFA900DA20E3AFF30033B63B /* AppDelegate.swift in Sources */,
				EFA88E6E215A834A00BDA5A9 /* Coordinator.swift in Sources */,
				EFA88E5C215A688200BDA5A9 /* Country.swift in Sources */,
				EFA88E5E215A69D900BDA5A9 /* BaseService.swift in Sources */,
				EFA88E7D215B0ADE00BDA5A9 /* AssetStore.swift in Sources */,
				EF0E5256212467C800B5BEB0 /* LoadingController.swift in Sources */,
				EFA88E79215A8CD900BDA5A9 /* UINavigationController.swift in Sources */,
				EFA88E6A215A6D1000BDA5A9 /* AuthProvider.swift in Sources */,
				EFA88E75215A845100BDA5A9 /* LocationDataSource.swift in Sources */,
				EF24FEF8211C3B160069F83A /* PhotoWallController.swift in Sources */,
				EFA88E60215A6A4A00BDA5A9 /* Constants.swift in Sources */,
				EF24FEF9211C3B160069F83A /* CameraController.swift in Sources */,
				EF8AF5C5211F14DF00430D8F /* RemoteAssetStore.swift in Sources */,
				EFA88E57215A684600BDA5A9 /* LocationService.swift in Sources */,
				EF3F6A332125C16D00498C00 /* LibraryController.swift in Sources */,
				EFA88E70215A83BD00BDA5A9 /* LoginController.swift in Sources */,
				EF24FF02211D67160069F83A /* WallAssetManifest.swift in Sources */,
				EF3F6A312125BFF400498C00 /* AppConfig.swift in Sources */,
				EF8AF5C3211E663000430D8F /* CustomStringConvertable.swift in Sources */,
				EF3F6A2F2125BFA700498C00 /* AppConfigLoader.swift in Sources */,
				EFA88E58215A684600BDA5A9 /* LocationClient.swift in Sources */,
			);
			runOnlyForDeploymentPostprocessing = 0;
		};
		EFA900E820E3AFF90033B63B /* Sources */ = {
			isa = PBXSourcesBuildPhase;
			buildActionMask = 2147483647;
			files = (
				EFA88E68215A6AFA00BDA5A9 /* CountrySpec.swift in Sources */,
				EFA900F120E3AFFA0033B63B /* PhotoWallTests.swift in Sources */,
				EFA88E67215A6AFA00BDA5A9 /* LocationSpec.swift in Sources */,
			);
			runOnlyForDeploymentPostprocessing = 0;
		};
/* End PBXSourcesBuildPhase section */

/* Begin PBXTargetDependency section */
		EFA900EE20E3AFF90033B63B /* PBXTargetDependency */ = {
			isa = PBXTargetDependency;
			target = EFA900D520E3AFF30033B63B /* PhotoWall */;
			targetProxy = EFA900ED20E3AFF90033B63B /* PBXContainerItemProxy */;
		};
/* End PBXTargetDependency section */

/* Begin PBXVariantGroup section */
		EFA900DF20E3AFF30033B63B /* Main.storyboard */ = {
			isa = PBXVariantGroup;
			children = (
				EFA900E020E3AFF30033B63B /* Base */,
			);
			name = Main.storyboard;
			sourceTree = "<group>";
		};
		EFA900E420E3AFF90033B63B /* LaunchScreen.storyboard */ = {
			isa = PBXVariantGroup;
			children = (
				EFA900E520E3AFF90033B63B /* Base */,
			);
			name = LaunchScreen.storyboard;
			sourceTree = "<group>";
		};
/* End PBXVariantGroup section */

/* Begin XCBuildConfiguration section */
		EFA900FE20E3AFFA0033B63B /* Debug */ = {
			isa = XCBuildConfiguration;
			buildSettings = {
				ALWAYS_EMBED_SWIFT_STANDARD_LIBRARIES = NO;
				ALWAYS_SEARCH_USER_PATHS = NO;
				CLANG_ANALYZER_NONNULL = YES;
				CLANG_ANALYZER_NUMBER_OBJECT_CONVERSION = YES_AGGRESSIVE;
				CLANG_CXX_LANGUAGE_STANDARD = "gnu++14";
				CLANG_CXX_LIBRARY = "libc++";
				CLANG_ENABLE_MODULES = YES;
				CLANG_ENABLE_OBJC_ARC = YES;
				CLANG_ENABLE_OBJC_WEAK = YES;
				CLANG_WARN_BLOCK_CAPTURE_AUTORELEASING = YES;
				CLANG_WARN_BOOL_CONVERSION = YES;
				CLANG_WARN_COMMA = YES;
				CLANG_WARN_CONSTANT_CONVERSION = YES;
				CLANG_WARN_DEPRECATED_OBJC_IMPLEMENTATIONS = YES;
				CLANG_WARN_DIRECT_OBJC_ISA_USAGE = YES_ERROR;
				CLANG_WARN_DOCUMENTATION_COMMENTS = YES;
				CLANG_WARN_EMPTY_BODY = YES;
				CLANG_WARN_ENUM_CONVERSION = YES;
				CLANG_WARN_INFINITE_RECURSION = YES;
				CLANG_WARN_INT_CONVERSION = YES;
				CLANG_WARN_NON_LITERAL_NULL_CONVERSION = YES;
				CLANG_WARN_OBJC_IMPLICIT_RETAIN_SELF = YES;
				CLANG_WARN_OBJC_LITERAL_CONVERSION = YES;
				CLANG_WARN_OBJC_ROOT_CLASS = YES_ERROR;
				CLANG_WARN_RANGE_LOOP_ANALYSIS = YES;
				CLANG_WARN_STRICT_PROTOTYPES = YES;
				CLANG_WARN_SUSPICIOUS_MOVE = YES;
				CLANG_WARN_UNGUARDED_AVAILABILITY = YES_AGGRESSIVE;
				CLANG_WARN_UNREACHABLE_CODE = YES;
				CLANG_WARN__DUPLICATE_METHOD_MATCH = YES;
				CODE_SIGN_IDENTITY = "iPhone Developer";
				COPY_PHASE_STRIP = NO;
				DEBUG_INFORMATION_FORMAT = dwarf;
				ENABLE_STRICT_OBJC_MSGSEND = YES;
				ENABLE_TESTABILITY = YES;
				GCC_C_LANGUAGE_STANDARD = gnu11;
				GCC_DYNAMIC_NO_PIC = NO;
				GCC_NO_COMMON_BLOCKS = YES;
				GCC_OPTIMIZATION_LEVEL = 0;
				GCC_PREPROCESSOR_DEFINITIONS = (
					"DEBUG=1",
					"$(inherited)",
				);
				GCC_WARN_64_TO_32_BIT_CONVERSION = YES;
				GCC_WARN_ABOUT_RETURN_TYPE = YES_ERROR;
				GCC_WARN_UNDECLARED_SELECTOR = YES;
				GCC_WARN_UNINITIALIZED_AUTOS = YES_AGGRESSIVE;
				GCC_WARN_UNUSED_FUNCTION = YES;
				GCC_WARN_UNUSED_VARIABLE = YES;
				IPHONEOS_DEPLOYMENT_TARGET = 12.0;
				MTL_ENABLE_DEBUG_INFO = INCLUDE_SOURCE;
				ONLY_ACTIVE_ARCH = YES;
				SDKROOT = iphoneos;
				SWIFT_ACTIVE_COMPILATION_CONDITIONS = DEBUG;
				SWIFT_OPTIMIZATION_LEVEL = "-Onone";
			};
			name = Debug;
		};
		EFA900FF20E3AFFA0033B63B /* Release */ = {
			isa = XCBuildConfiguration;
			buildSettings = {
				ALWAYS_EMBED_SWIFT_STANDARD_LIBRARIES = NO;
				ALWAYS_SEARCH_USER_PATHS = NO;
				CLANG_ANALYZER_NONNULL = YES;
				CLANG_ANALYZER_NUMBER_OBJECT_CONVERSION = YES_AGGRESSIVE;
				CLANG_CXX_LANGUAGE_STANDARD = "gnu++14";
				CLANG_CXX_LIBRARY = "libc++";
				CLANG_ENABLE_MODULES = YES;
				CLANG_ENABLE_OBJC_ARC = YES;
				CLANG_ENABLE_OBJC_WEAK = YES;
				CLANG_WARN_BLOCK_CAPTURE_AUTORELEASING = YES;
				CLANG_WARN_BOOL_CONVERSION = YES;
				CLANG_WARN_COMMA = YES;
				CLANG_WARN_CONSTANT_CONVERSION = YES;
				CLANG_WARN_DEPRECATED_OBJC_IMPLEMENTATIONS = YES;
				CLANG_WARN_DIRECT_OBJC_ISA_USAGE = YES_ERROR;
				CLANG_WARN_DOCUMENTATION_COMMENTS = YES;
				CLANG_WARN_EMPTY_BODY = YES;
				CLANG_WARN_ENUM_CONVERSION = YES;
				CLANG_WARN_INFINITE_RECURSION = YES;
				CLANG_WARN_INT_CONVERSION = YES;
				CLANG_WARN_NON_LITERAL_NULL_CONVERSION = YES;
				CLANG_WARN_OBJC_IMPLICIT_RETAIN_SELF = YES;
				CLANG_WARN_OBJC_LITERAL_CONVERSION = YES;
				CLANG_WARN_OBJC_ROOT_CLASS = YES_ERROR;
				CLANG_WARN_RANGE_LOOP_ANALYSIS = YES;
				CLANG_WARN_STRICT_PROTOTYPES = YES;
				CLANG_WARN_SUSPICIOUS_MOVE = YES;
				CLANG_WARN_UNGUARDED_AVAILABILITY = YES_AGGRESSIVE;
				CLANG_WARN_UNREACHABLE_CODE = YES;
				CLANG_WARN__DUPLICATE_METHOD_MATCH = YES;
				CODE_SIGN_IDENTITY = "iPhone Developer";
				COPY_PHASE_STRIP = NO;
				DEBUG_INFORMATION_FORMAT = "dwarf-with-dsym";
				ENABLE_NS_ASSERTIONS = NO;
				ENABLE_STRICT_OBJC_MSGSEND = YES;
				GCC_C_LANGUAGE_STANDARD = gnu11;
				GCC_NO_COMMON_BLOCKS = YES;
				GCC_WARN_64_TO_32_BIT_CONVERSION = YES;
				GCC_WARN_ABOUT_RETURN_TYPE = YES_ERROR;
				GCC_WARN_UNDECLARED_SELECTOR = YES;
				GCC_WARN_UNINITIALIZED_AUTOS = YES_AGGRESSIVE;
				GCC_WARN_UNUSED_FUNCTION = YES;
				GCC_WARN_UNUSED_VARIABLE = YES;
				IPHONEOS_DEPLOYMENT_TARGET = 12.0;
				MTL_ENABLE_DEBUG_INFO = NO;
				SDKROOT = iphoneos;
				SWIFT_COMPILATION_MODE = wholemodule;
				SWIFT_OPTIMIZATION_LEVEL = "-O";
				VALIDATE_PRODUCT = YES;
			};
			name = Release;
		};
		EFA9010120E3AFFA0033B63B /* Debug */ = {
			isa = XCBuildConfiguration;
			baseConfigurationReference = 882547E2FDA9B0D30A4BBA05 /* Pods-PhotoWall.debug.xcconfig */;
			buildSettings = {
				ALWAYS_EMBED_SWIFT_STANDARD_LIBRARIES = "$(inherited)";
				ASSETCATALOG_COMPILER_APPICON_NAME = AppIcon;
				CODE_SIGN_STYLE = Manual;
				DEVELOPMENT_TEAM = LL62P32G5C;
				INFOPLIST_FILE = PhotoWall/Info.plist;
				LD_RUNPATH_SEARCH_PATHS = (
					"$(inherited)",
					"@executable_path/Frameworks",
				);
				PRODUCT_BUNDLE_IDENTIFIER = com.thoughtworks.ARPhotoWall;
				PRODUCT_NAME = "$(TARGET_NAME)";
				PROVISIONING_PROFILE_SPECIFIER = "match Development com.thoughtworks.ARPhotoWall";
				SWIFT_VERSION = 4.2;
				TARGETED_DEVICE_FAMILY = "1,2";
			};
			name = Debug;
		};
		EFA9010220E3AFFA0033B63B /* Release */ = {
			isa = XCBuildConfiguration;
			baseConfigurationReference = 4DE5B33CF5736755B990573D /* Pods-PhotoWall.release.xcconfig */;
			buildSettings = {
				ALWAYS_EMBED_SWIFT_STANDARD_LIBRARIES = "$(inherited)";
				ASSETCATALOG_COMPILER_APPICON_NAME = AppIcon;
				CODE_SIGN_STYLE = Manual;
				DEVELOPMENT_TEAM = "";
				INFOPLIST_FILE = PhotoWall/Info.plist;
				LD_RUNPATH_SEARCH_PATHS = (
					"$(inherited)",
					"@executable_path/Frameworks",
				);
				PRODUCT_BUNDLE_IDENTIFIER = com.thoughtworks.ARPhotoWall;
				PRODUCT_NAME = "$(TARGET_NAME)";
				PROVISIONING_PROFILE_SPECIFIER = "";
				SWIFT_VERSION = 4.2;
				TARGETED_DEVICE_FAMILY = "1,2";
			};
			name = Release;
		};
		EFA9010420E3AFFA0033B63B /* Debug */ = {
			isa = XCBuildConfiguration;
			baseConfigurationReference = EE3804261C981A2DB03B8DB8 /* Pods-PhotoWallTests.debug.xcconfig */;
			buildSettings = {
				ALWAYS_EMBED_SWIFT_STANDARD_LIBRARIES = YES;
				BUNDLE_LOADER = "$(TEST_HOST)";
				CODE_SIGN_IDENTITY = "iPhone Developer";
				CODE_SIGN_STYLE = Manual;
				DEVELOPMENT_TEAM = "";
				INFOPLIST_FILE = PhotoWallTests/Info.plist;
				LD_RUNPATH_SEARCH_PATHS = (
					"$(inherited)",
					"@executable_path/Frameworks",
					"@loader_path/Frameworks",
				);
				PRODUCT_BUNDLE_IDENTIFIER = com.thoughtworks.PhotoWallTests;
				PRODUCT_NAME = "$(TARGET_NAME)";
				PROVISIONING_PROFILE_SPECIFIER = "";
				SWIFT_VERSION = 4.2;
				TARGETED_DEVICE_FAMILY = "1,2";
				TEST_HOST = "$(BUILT_PRODUCTS_DIR)/PhotoWall.app/PhotoWall";
			};
			name = Debug;
		};
		EFA9010520E3AFFA0033B63B /* Release */ = {
			isa = XCBuildConfiguration;
			baseConfigurationReference = 64517FDF6CF3B3B61C6BEC89 /* Pods-PhotoWallTests.release.xcconfig */;
			buildSettings = {
				ALWAYS_EMBED_SWIFT_STANDARD_LIBRARIES = YES;
				BUNDLE_LOADER = "$(TEST_HOST)";
				CODE_SIGN_STYLE = Manual;
				DEVELOPMENT_TEAM = "";
				INFOPLIST_FILE = PhotoWallTests/Info.plist;
				LD_RUNPATH_SEARCH_PATHS = (
					"$(inherited)",
					"@executable_path/Frameworks",
					"@loader_path/Frameworks",
				);
				PRODUCT_BUNDLE_IDENTIFIER = com.thoughtworks.PhotoWallTests;
				PRODUCT_NAME = "$(TARGET_NAME)";
				PROVISIONING_PROFILE_SPECIFIER = "";
				SWIFT_VERSION = 4.2;
				TARGETED_DEVICE_FAMILY = "1,2";
				TEST_HOST = "$(BUILT_PRODUCTS_DIR)/PhotoWall.app/PhotoWall";
			};
			name = Release;
		};
/* End XCBuildConfiguration section */

/* Begin XCConfigurationList section */
		EFA900D120E3AFF20033B63B /* Build configuration list for PBXProject "PhotoWall" */ = {
			isa = XCConfigurationList;
			buildConfigurations = (
				EFA900FE20E3AFFA0033B63B /* Debug */,
				EFA900FF20E3AFFA0033B63B /* Release */,
			);
			defaultConfigurationIsVisible = 0;
			defaultConfigurationName = Release;
		};
		EFA9010020E3AFFA0033B63B /* Build configuration list for PBXNativeTarget "PhotoWall" */ = {
			isa = XCConfigurationList;
			buildConfigurations = (
				EFA9010120E3AFFA0033B63B /* Debug */,
				EFA9010220E3AFFA0033B63B /* Release */,
			);
			defaultConfigurationIsVisible = 0;
			defaultConfigurationName = Release;
		};
		EFA9010320E3AFFA0033B63B /* Build configuration list for PBXNativeTarget "PhotoWallTests" */ = {
			isa = XCConfigurationList;
			buildConfigurations = (
				EFA9010420E3AFFA0033B63B /* Debug */,
				EFA9010520E3AFFA0033B63B /* Release */,
			);
			defaultConfigurationIsVisible = 0;
			defaultConfigurationName = Release;
		};
/* End XCConfigurationList section */
	};
	rootObject = EFA900CE20E3AFF20033B63B /* Project object */;
}
